// !$*UTF8*$!
{
	archiveVersion = 1;
	classes = {
	};
	objectVersion = 56;
	objects = {

/* Begin PBXBuildFile section */
		8A6CF6832A67CF4C001E894B /* AppDelegate.swift in Sources */ = {isa = PBXBuildFile; fileRef = 8A6CF6822A67CF4C001E894B /* AppDelegate.swift */; };
		8A6CF6852A67CF4C001E894B /* SceneDelegate.swift in Sources */ = {isa = PBXBuildFile; fileRef = 8A6CF6842A67CF4C001E894B /* SceneDelegate.swift */; };
		8A6CF6872A67CF4C001E894B /* ViewController.swift in Sources */ = {isa = PBXBuildFile; fileRef = 8A6CF6862A67CF4C001E894B /* ViewController.swift */; };
		8A6CF68A2A67CF4C001E894B /* Main.storyboard in Resources */ = {isa = PBXBuildFile; fileRef = 8A6CF6882A67CF4C001E894B /* Main.storyboard */; };
		8A6CF68C2A67CF4D001E894B /* Assets.xcassets in Resources */ = {isa = PBXBuildFile; fileRef = 8A6CF68B2A67CF4D001E894B /* Assets.xcassets */; };
		8A6CF68F2A67CF4D001E894B /* LaunchScreen.storyboard in Resources */ = {isa = PBXBuildFile; fileRef = 8A6CF68D2A67CF4D001E894B /* LaunchScreen.storyboard */; };
		8A6CF69D2A67CFF3001E894B /* UnifiedLoggerProtocol.swift in Sources */ = {isa = PBXBuildFile; fileRef = 8A6CF69C2A67CFF3001E894B /* UnifiedLoggerProtocol.swift */; };
		8A6CF6A02A67D196001E894B /* AccessLevel.swift in Sources */ = {isa = PBXBuildFile; fileRef = 8A6CF69F2A67D196001E894B /* AccessLevel.swift */; };
		8A6CF6A22A67D204001E894B /* SignPostCategory.swift in Sources */ = {isa = PBXBuildFile; fileRef = 8A6CF6A12A67D204001E894B /* SignPostCategory.swift */; };
		8A6CF6A52A67D360001E894B /* UnifiedLoggerProtocolImplementation.swift in Sources */ = {isa = PBXBuildFile; fileRef = 8A6CF6A42A67D360001E894B /* UnifiedLoggerProtocolImplementation.swift */; };
/* End PBXBuildFile section */

/* Begin PBXFileReference section */
		8A6CF67F2A67CF4C001E894B /* UnifiedLogger.app */ = {isa = PBXFileReference; explicitFileType = wrapper.application; includeInIndex = 0; path = UnifiedLogger.app; sourceTree = BUILT_PRODUCTS_DIR; };
		8A6CF6822A67CF4C001E894B /* AppDelegate.swift */ = {isa = PBXFileReference; lastKnownFileType = sourcecode.swift; path = AppDelegate.swift; sourceTree = "<group>"; };
		8A6CF6842A67CF4C001E894B /* SceneDelegate.swift */ = {isa = PBXFileReference; lastKnownFileType = sourcecode.swift; path = SceneDelegate.swift; sourceTree = "<group>"; };
		8A6CF6862A67CF4C001E894B /* ViewController.swift */ = {isa = PBXFileReference; lastKnownFileType = sourcecode.swift; path = ViewController.swift; sourceTree = "<group>"; };
		8A6CF6892A67CF4C001E894B /* Base */ = {isa = PBXFileReference; lastKnownFileType = file.storyboard; name = Base; path = Base.lproj/Main.storyboard; sourceTree = "<group>"; };
		8A6CF68B2A67CF4D001E894B /* Assets.xcassets */ = {isa = PBXFileReference; lastKnownFileType = folder.assetcatalog; path = Assets.xcassets; sourceTree = "<group>"; };
		8A6CF68E2A67CF4D001E894B /* Base */ = {isa = PBXFileReference; lastKnownFileType = file.storyboard; name = Base; path = Base.lproj/LaunchScreen.storyboard; sourceTree = "<group>"; };
		8A6CF6902A67CF4D001E894B /* Info.plist */ = {isa = PBXFileReference; lastKnownFileType = text.plist.xml; path = Info.plist; sourceTree = "<group>"; };
		8A6CF69C2A67CFF3001E894B /* UnifiedLoggerProtocol.swift */ = {isa = PBXFileReference; lastKnownFileType = sourcecode.swift; path = UnifiedLoggerProtocol.swift; sourceTree = "<group>"; };
		8A6CF69F2A67D196001E894B /* AccessLevel.swift */ = {isa = PBXFileReference; lastKnownFileType = sourcecode.swift; path = AccessLevel.swift; sourceTree = "<group>"; };
		8A6CF6A12A67D204001E894B /* SignPostCategory.swift */ = {isa = PBXFileReference; lastKnownFileType = sourcecode.swift; path = SignPostCategory.swift; sourceTree = "<group>"; };
		8A6CF6A42A67D360001E894B /* UnifiedLoggerProtocolImplementation.swift */ = {isa = PBXFileReference; lastKnownFileType = sourcecode.swift; path = UnifiedLoggerProtocolImplementation.swift; sourceTree = "<group>"; };
/* End PBXFileReference section */

/* Begin PBXFrameworksBuildPhase section */
		8A6CF67C2A67CF4B001E894B /* Frameworks */ = {
			isa = PBXFrameworksBuildPhase;
			buildActionMask = 2147483647;
			files = (
			);
			runOnlyForDeploymentPostprocessing = 0;
		};
/* End PBXFrameworksBuildPhase section */

/* Begin PBXGroup section */
		8A6CF6762A67CF4B001E894B = {
			isa = PBXGroup;
			children = (
				8A6CF6812A67CF4C001E894B /* UnifiedLogger */,
				8A6CF6802A67CF4C001E894B /* Products */,
			);
			sourceTree = "<group>";
		};
		8A6CF6802A67CF4C001E894B /* Products */ = {
			isa = PBXGroup;
			children = (
				8A6CF67F2A67CF4C001E894B /* UnifiedLogger.app */,
			);
			name = Products;
			sourceTree = "<group>";
		};
		8A6CF6812A67CF4C001E894B /* UnifiedLogger */ = {
			isa = PBXGroup;
			children = (
				8A6CF6A32A67D350001E894B /* Logic */,
				8A6CF69A2A67CFBF001E894B /* Helpers */,
				8A6CF6992A67CFA0001E894B /* Storyboards */,
				8A6CF6982A67CF8F001E894B /* Resources */,
				8A6CF6972A67CF83001E894B /* Screens */,
				8A6CF6962A67CF6F001E894B /* Application */,
				8A6CF6902A67CF4D001E894B /* Info.plist */,
			);
			path = UnifiedLogger;
			sourceTree = "<group>";
		};
		8A6CF6962A67CF6F001E894B /* Application */ = {
			isa = PBXGroup;
			children = (
				8A6CF6822A67CF4C001E894B /* AppDelegate.swift */,
				8A6CF6842A67CF4C001E894B /* SceneDelegate.swift */,
			);
			path = Application;
			sourceTree = "<group>";
		};
		8A6CF6972A67CF83001E894B /* Screens */ = {
			isa = PBXGroup;
			children = (
				8A6CF6862A67CF4C001E894B /* ViewController.swift */,
			);
			path = Screens;
			sourceTree = "<group>";
		};
		8A6CF6982A67CF8F001E894B /* Resources */ = {
			isa = PBXGroup;
			children = (
				8A6CF68B2A67CF4D001E894B /* Assets.xcassets */,
			);
			path = Resources;
			sourceTree = "<group>";
		};
		8A6CF6992A67CFA0001E894B /* Storyboards */ = {
			isa = PBXGroup;
			children = (
				8A6CF6882A67CF4C001E894B /* Main.storyboard */,
				8A6CF68D2A67CF4D001E894B /* LaunchScreen.storyboard */,
			);
			path = Storyboards;
			sourceTree = "<group>";
		};
		8A6CF69A2A67CFBF001E894B /* Helpers */ = {
			isa = PBXGroup;
			children = (
				8A6CF69E2A67D004001E894B /* Types */,
				8A6CF69B2A67CFC6001E894B /* Protocols */,
			);
			path = Helpers;
			sourceTree = "<group>";
		};
		8A6CF69B2A67CFC6001E894B /* Protocols */ = {
			isa = PBXGroup;
			children = (
				8A6CF69C2A67CFF3001E894B /* UnifiedLoggerProtocol.swift */,
			);
			path = Protocols;
			sourceTree = "<group>";
		};
		8A6CF69E2A67D004001E894B /* Types */ = {
			isa = PBXGroup;
			children = (
				8A6CF69F2A67D196001E894B /* AccessLevel.swift */,
				8A6CF6A12A67D204001E894B /* SignPostCategory.swift */,
			);
			path = Types;
			sourceTree = "<group>";
		};
		8A6CF6A32A67D350001E894B /* Logic */ = {
			isa = PBXGroup;
			children = (
				8A6CF6A42A67D360001E894B /* UnifiedLoggerProtocolImplementation.swift */,
			);
			path = Logic;
			sourceTree = "<group>";
		};
/* End PBXGroup section */

/* Begin PBXNativeTarget section */
		8A6CF67E2A67CF4B001E894B /* UnifiedLogger */ = {
			isa = PBXNativeTarget;
			buildConfigurationList = 8A6CF6932A67CF4D001E894B /* Build configuration list for PBXNativeTarget "UnifiedLogger" */;
			buildPhases = (
				8A6CF67B2A67CF4B001E894B /* Sources */,
				8A6CF67C2A67CF4B001E894B /* Frameworks */,
				8A6CF67D2A67CF4B001E894B /* Resources */,
			);
			buildRules = (
			);
			dependencies = (
			);
			name = UnifiedLogger;
			productName = UnifiedLogger;
			productReference = 8A6CF67F2A67CF4C001E894B /* UnifiedLogger.app */;
			productType = "com.apple.product-type.application";
		};
/* End PBXNativeTarget section */

/* Begin PBXProject section */
		8A6CF6772A67CF4B001E894B /* Project object */ = {
			isa = PBXProject;
			attributes = {
				BuildIndependentTargetsInParallel = 1;
				LastSwiftUpdateCheck = 1430;
				LastUpgradeCheck = 1430;
				TargetAttributes = {
					8A6CF67E2A67CF4B001E894B = {
						CreatedOnToolsVersion = 14.3.1;
					};
				};
			};
			buildConfigurationList = 8A6CF67A2A67CF4B001E894B /* Build configuration list for PBXProject "UnifiedLogger" */;
			compatibilityVersion = "Xcode 14.0";
			developmentRegion = en;
			hasScannedForEncodings = 0;
			knownRegions = (
				en,
				Base,
			);
			mainGroup = 8A6CF6762A67CF4B001E894B;
			productRefGroup = 8A6CF6802A67CF4C001E894B /* Products */;
			projectDirPath = "";
			projectRoot = "";
			targets = (
				8A6CF67E2A67CF4B001E894B /* UnifiedLogger */,
			);
		};
/* End PBXProject section */

/* Begin PBXResourcesBuildPhase section */
		8A6CF67D2A67CF4B001E894B /* Resources */ = {
			isa = PBXResourcesBuildPhase;
			buildActionMask = 2147483647;
			files = (
				8A6CF68F2A67CF4D001E894B /* LaunchScreen.storyboard in Resources */,
				8A6CF68C2A67CF4D001E894B /* Assets.xcassets in Resources */,
				8A6CF68A2A67CF4C001E894B /* Main.storyboard in Resources */,
			);
			runOnlyForDeploymentPostprocessing = 0;
		};
/* End PBXResourcesBuildPhase section */

/* Begin PBXSourcesBuildPhase section */
		8A6CF67B2A67CF4B001E894B /* Sources */ = {
			isa = PBXSourcesBuildPhase;
			buildActionMask = 2147483647;
			files = (
				8A6CF6A22A67D204001E894B /* SignPostCategory.swift in Sources */,
				8A6CF69D2A67CFF3001E894B /* UnifiedLoggerProtocol.swift in Sources */,
				8A6CF6872A67CF4C001E894B /* ViewController.swift in Sources */,
				8A6CF6A52A67D360001E894B /* UnifiedLoggerProtocolImplementation.swift in Sources */,
				8A6CF6832A67CF4C001E894B /* AppDelegate.swift in Sources */,
				8A6CF6A02A67D196001E894B /* AccessLevel.swift in Sources */,
				8A6CF6852A67CF4C001E894B /* SceneDelegate.swift in Sources */,
			);
			runOnlyForDeploymentPostprocessing = 0;
		};
/* End PBXSourcesBuildPhase section */

/* Begin PBXVariantGroup section */
		8A6CF6882A67CF4C001E894B /* Main.storyboard */ = {
			isa = PBXVariantGroup;
			children = (
				8A6CF6892A67CF4C001E894B /* Base */,
			);
			name = Main.storyboard;
			sourceTree = "<group>";
		};
		8A6CF68D2A67CF4D001E894B /* LaunchScreen.storyboard */ = {
			isa = PBXVariantGroup;
			children = (
				8A6CF68E2A67CF4D001E894B /* Base */,
			);
			name = LaunchScreen.storyboard;
			sourceTree = "<group>";
		};
/* End PBXVariantGroup section */

/* Begin XCBuildConfiguration section */
		8A6CF6912A67CF4D001E894B /* Debug */ = {
			isa = XCBuildConfiguration;
			buildSettings = {
				ALWAYS_SEARCH_USER_PATHS = NO;
				CLANG_ANALYZER_NONNULL = YES;
				CLANG_ANALYZER_NUMBER_OBJECT_CONVERSION = YES_AGGRESSIVE;
				CLANG_CXX_LANGUAGE_STANDARD = "gnu++20";
				CLANG_ENABLE_MODULES = YES;
				CLANG_ENABLE_OBJC_ARC = YES;
				CLANG_ENABLE_OBJC_WEAK = YES;
				CLANG_WARN_BLOCK_CAPTURE_AUTORELEASING = YES;
				CLANG_WARN_BOOL_CONVERSION = YES;
				CLANG_WARN_COMMA = YES;
				CLANG_WARN_CONSTANT_CONVERSION = YES;
				CLANG_WARN_DEPRECATED_OBJC_IMPLEMENTATIONS = YES;
				CLANG_WARN_DIRECT_OBJC_ISA_USAGE = YES_ERROR;
				CLANG_WARN_DOCUMENTATION_COMMENTS = YES;
				CLANG_WARN_EMPTY_BODY = YES;
				CLANG_WARN_ENUM_CONVERSION = YES;
				CLANG_WARN_INFINITE_RECURSION = YES;
				CLANG_WARN_INT_CONVERSION = YES;
				CLANG_WARN_NON_LITERAL_NULL_CONVERSION = YES;
				CLANG_WARN_OBJC_IMPLICIT_RETAIN_SELF = YES;
				CLANG_WARN_OBJC_LITERAL_CONVERSION = YES;
				CLANG_WARN_OBJC_ROOT_CLASS = YES_ERROR;
				CLANG_WARN_QUOTED_INCLUDE_IN_FRAMEWORK_HEADER = YES;
				CLANG_WARN_RANGE_LOOP_ANALYSIS = YES;
				CLANG_WARN_STRICT_PROTOTYPES = YES;
				CLANG_WARN_SUSPICIOUS_MOVE = YES;
				CLANG_WARN_UNGUARDED_AVAILABILITY = YES_AGGRESSIVE;
				CLANG_WARN_UNREACHABLE_CODE = YES;
				CLANG_WARN__DUPLICATE_METHOD_MATCH = YES;
				COPY_PHASE_STRIP = NO;
				DEBUG_INFORMATION_FORMAT = dwarf;
				ENABLE_STRICT_OBJC_MSGSEND = YES;
				ENABLE_TESTABILITY = YES;
				GCC_C_LANGUAGE_STANDARD = gnu11;
				GCC_DYNAMIC_NO_PIC = NO;
				GCC_NO_COMMON_BLOCKS = YES;
				GCC_OPTIMIZATION_LEVEL = 0;
				GCC_PREPROCESSOR_DEFINITIONS = (
					"DEBUG=1",
					"$(inherited)",
				);
				GCC_WARN_64_TO_32_BIT_CONVERSION = YES;
				GCC_WARN_ABOUT_RETURN_TYPE = YES_ERROR;
				GCC_WARN_UNDECLARED_SELECTOR = YES;
				GCC_WARN_UNINITIALIZED_AUTOS = YES_AGGRESSIVE;
				GCC_WARN_UNUSED_FUNCTION = YES;
				GCC_WARN_UNUSED_VARIABLE = YES;
				IPHONEOS_DEPLOYMENT_TARGET = 16.4;
				MTL_ENABLE_DEBUG_INFO = INCLUDE_SOURCE;
				MTL_FAST_MATH = YES;
				ONLY_ACTIVE_ARCH = YES;
				SDKROOT = iphoneos;
				SWIFT_ACTIVE_COMPILATION_CONDITIONS = DEBUG;
				SWIFT_OPTIMIZATION_LEVEL = "-Onone";
			};
			name = Debug;
		};
		8A6CF6922A67CF4D001E894B /* Release */ = {
			isa = XCBuildConfiguration;
			buildSettings = {
				ALWAYS_SEARCH_USER_PATHS = NO;
				CLANG_ANALYZER_NONNULL = YES;
				CLANG_ANALYZER_NUMBER_OBJECT_CONVERSION = YES_AGGRESSIVE;
				CLANG_CXX_LANGUAGE_STANDARD = "gnu++20";
				CLANG_ENABLE_MODULES = YES;
				CLANG_ENABLE_OBJC_ARC = YES;
				CLANG_ENABLE_OBJC_WEAK = YES;
				CLANG_WARN_BLOCK_CAPTURE_AUTORELEASING = YES;
				CLANG_WARN_BOOL_CONVERSION = YES;
				CLANG_WARN_COMMA = YES;
				CLANG_WARN_CONSTANT_CONVERSION = YES;
				CLANG_WARN_DEPRECATED_OBJC_IMPLEMENTATIONS = YES;
				CLANG_WARN_DIRECT_OBJC_ISA_USAGE = YES_ERROR;
				CLANG_WARN_DOCUMENTATION_COMMENTS = YES;
				CLANG_WARN_EMPTY_BODY = YES;
				CLANG_WARN_ENUM_CONVERSION = YES;
				CLANG_WARN_INFINITE_RECURSION = YES;
				CLANG_WARN_INT_CONVERSION = YES;
				CLANG_WARN_NON_LITERAL_NULL_CONVERSION = YES;
				CLANG_WARN_OBJC_IMPLICIT_RETAIN_SELF = YES;
				CLANG_WARN_OBJC_LITERAL_CONVERSION = YES;
				CLANG_WARN_OBJC_ROOT_CLASS = YES_ERROR;
				CLANG_WARN_QUOTED_INCLUDE_IN_FRAMEWORK_HEADER = YES;
				CLANG_WARN_RANGE_LOOP_ANALYSIS = YES;
				CLANG_WARN_STRICT_PROTOTYPES = YES;
				CLANG_WARN_SUSPICIOUS_MOVE = YES;
				CLANG_WARN_UNGUARDED_AVAILABILITY = YES_AGGRESSIVE;
				CLANG_WARN_UNREACHABLE_CODE = YES;
				CLANG_WARN__DUPLICATE_METHOD_MATCH = YES;
				COPY_PHASE_STRIP = NO;
				DEBUG_INFORMATION_FORMAT = "dwarf-with-dsym";
				ENABLE_NS_ASSERTIONS = NO;
				ENABLE_STRICT_OBJC_MSGSEND = YES;
				GCC_C_LANGUAGE_STANDARD = gnu11;
				GCC_NO_COMMON_BLOCKS = YES;
				GCC_WARN_64_TO_32_BIT_CONVERSION = YES;
				GCC_WARN_ABOUT_RETURN_TYPE = YES_ERROR;
				GCC_WARN_UNDECLARED_SELECTOR = YES;
				GCC_WARN_UNINITIALIZED_AUTOS = YES_AGGRESSIVE;
				GCC_WARN_UNUSED_FUNCTION = YES;
				GCC_WARN_UNUSED_VARIABLE = YES;
				IPHONEOS_DEPLOYMENT_TARGET = 16.4;
				MTL_ENABLE_DEBUG_INFO = NO;
				MTL_FAST_MATH = YES;
				SDKROOT = iphoneos;
				SWIFT_COMPILATION_MODE = wholemodule;
				SWIFT_OPTIMIZATION_LEVEL = "-O";
				VALIDATE_PRODUCT = YES;
			};
			name = Release;
		};
		8A6CF6942A67CF4D001E894B /* Debug */ = {
			isa = XCBuildConfiguration;
			buildSettings = {
				ASSETCATALOG_COMPILER_APPICON_NAME = AppIcon;
				ASSETCATALOG_COMPILER_GLOBAL_ACCENT_COLOR_NAME = AccentColor;
				CODE_SIGN_STYLE = Automatic;
				CURRENT_PROJECT_VERSION = 1;
				DEVELOPMENT_TEAM = 592CJ8YFSQ;
				GENERATE_INFOPLIST_FILE = YES;
				INFOPLIST_FILE = UnifiedLogger/Info.plist;
				INFOPLIST_KEY_UIApplicationSupportsIndirectInputEvents = YES;
				INFOPLIST_KEY_UILaunchStoryboardName = LaunchScreen;
				INFOPLIST_KEY_UIMainStoryboardFile = Main;
				INFOPLIST_KEY_UISupportedInterfaceOrientations_iPad = "UIInterfaceOrientationPortrait UIInterfaceOrientationPortraitUpsideDown UIInterfaceOrientationLandscapeLeft UIInterfaceOrientationLandscapeRight";
				INFOPLIST_KEY_UISupportedInterfaceOrientations_iPhone = "UIInterfaceOrientationPortrait UIInterfaceOrientationLandscapeLeft UIInterfaceOrientationLandscapeRight";
				LD_RUNPATH_SEARCH_PATHS = (
					"$(inherited)",
					"@executable_path/Frameworks",
				);
				MARKETING_VERSION = 1.0;
				PRODUCT_BUNDLE_IDENTIFIER = com.gmail.thulanimtetwa.UnifiedLogger;
				PRODUCT_NAME = "$(TARGET_NAME)";
				SWIFT_EMIT_LOC_STRINGS = YES;
				SWIFT_VERSION = 5.0;
				TARGETED_DEVICE_FAMILY = "1,2";
			};
			name = Debug;
		};
		8A6CF6952A67CF4D001E894B /* Release */ = {
			isa = XCBuildConfiguration;
			buildSettings = {
				ASSETCATALOG_COMPILER_APPICON_NAME = AppIcon;
				ASSETCATALOG_COMPILER_GLOBAL_ACCENT_COLOR_NAME = AccentColor;
				CODE_SIGN_STYLE = Automatic;
				CURRENT_PROJECT_VERSION = 1;
				DEVELOPMENT_TEAM = 592CJ8YFSQ;
				GENERATE_INFOPLIST_FILE = YES;
				INFOPLIST_FILE = UnifiedLogger/Info.plist;
				INFOPLIST_KEY_UIApplicationSupportsIndirectInputEvents = YES;
				INFOPLIST_KEY_UILaunchStoryboardName = LaunchScreen;
				INFOPLIST_KEY_UIMainStoryboardFile = Main;
				INFOPLIST_KEY_UISupportedInterfaceOrientations_iPad = "UIInterfaceOrientationPortrait UIInterfaceOrientationPortraitUpsideDown UIInterfaceOrientationLandscapeLeft UIInterfaceOrientationLandscapeRight";
				INFOPLIST_KEY_UISupportedInterfaceOrientations_iPhone = "UIInterfaceOrientationPortrait UIInterfaceOrientationLandscapeLeft UIInterfaceOrientationLandscapeRight";
				LD_RUNPATH_SEARCH_PATHS = (
					"$(inherited)",
					"@executable_path/Frameworks",
				);
				MARKETING_VERSION = 1.0;
				PRODUCT_BUNDLE_IDENTIFIER = com.gmail.thulanimtetwa.UnifiedLogger;
				PRODUCT_NAME = "$(TARGET_NAME)";
				SWIFT_EMIT_LOC_STRINGS = YES;
				SWIFT_VERSION = 5.0;
				TARGETED_DEVICE_FAMILY = "1,2";
			};
			name = Release;
		};
/* End XCBuildConfiguration section */

/* Begin XCConfigurationList section */
		8A6CF67A2A67CF4B001E894B /* Build configuration list for PBXProject "UnifiedLogger" */ = {
			isa = XCConfigurationList;
			buildConfigurations = (
				8A6CF6912A67CF4D001E894B /* Debug */,
				8A6CF6922A67CF4D001E894B /* Release */,
			);
			defaultConfigurationIsVisible = 0;
			defaultConfigurationName = Release;
		};
		8A6CF6932A67CF4D001E894B /* Build configuration list for PBXNativeTarget "UnifiedLogger" */ = {
			isa = XCConfigurationList;
			buildConfigurations = (
				8A6CF6942A67CF4D001E894B /* Debug */,
				8A6CF6952A67CF4D001E894B /* Release */,
			);
			defaultConfigurationIsVisible = 0;
			defaultConfigurationName = Release;
		};
/* End XCConfigurationList section */
	};
	rootObject = 8A6CF6772A67CF4B001E894B /* Project object */;
}
